
Microsoft Visual Studio Solution File, Format Version 12.00
# Visual Studio 14
VisualStudioVersion = 14.0.25420.1
MinimumVisualStudioVersion = 10.0.40219.1
Project("{FAE04EC0-301F-11D3-BF4B-00C04F79EFBC}") = "Kcfk28FinalProject", "Kcfk28FinalProject\Kcfk28FinalProject.csproj", "{EC8F73DB-11BC-49D6-B67A-1F044A450D6C}"
EndProject
Global
	GlobalSection(SolutionConfigurationPlatforms) = preSolution
		Debug|Any CPU = Debug|Any CPU
		Release|Any CPU = Release|Any CPU
	EndGlobalSection
	GlobalSection(ProjectConfigurationPlatforms) = postSolution
		{EC8F73DB-11BC-49D6-B67A-1F044A450D6C}.Debug|Any CPU.ActiveCfg = Debug|Any CPU
		{EC8F73DB-11BC-49D6-B67A-1F044A450D6C}.Debug|Any CPU.Build.0 = Debug|Any CPU
		{EC8F73DB-11BC-49D6-B67A-1F044A450D6C}.Release|Any CPU.ActiveCfg = Release|Any CPU
		{EC8F73DB-11BC-49D6-B67A-1F044A450D6C}.Release|Any CPU.Build.0 = Release|Any CPU
	EndGlobalSection
	GlobalSection(SolutionProperties) = preSolution
		HideSolutionNode = FALSE
	EndGlobalSection
EndGlobal
